Microsoft Visual Studio Solution File, Format Version 12.00
# Visual Studio Version 17
VisualStudioVersion = 17.5.2.0
MinimumVisualStudioVersion = 10.0.40219.1
Project("{FAE04EC0-301F-11D3-BF4B-00C04F79EFBC}") = "PeasyWare.WMS.Api", "PeasyWare.WMS.Api.csproj", "{55EFAF8B-94A6-08E9-38BB-60D5B7681ED5}"
EndProject
Global
	GlobalSection(SolutionConfigurationPlatforms) = preSolution
		Debug|Any CPU = Debug|Any CPU
		Release|Any CPU = Release|Any CPU
	EndGlobalSection
	GlobalSection(ProjectConfigurationPlatforms) = postSolution
		{55EFAF8B-94A6-08E9-38BB-60D5B7681ED5}.Debug|Any CPU.ActiveCfg = Debug|Any CPU
		{55EFAF8B-94A6-08E9-38BB-60D5B7681ED5}.Debug|Any CPU.Build.0 = Debug|Any CPU
		{55EFAF8B-94A6-08E9-38BB-60D5B7681ED5}.Release|Any CPU.ActiveCfg = Release|Any CPU
		{55EFAF8B-94A6-08E9-38BB-60D5B7681ED5}.Release|Any CPU.Build.0 = Release|Any CPU
	EndGlobalSection
	GlobalSection(SolutionProperties) = preSolution
		HideSolutionNode = FALSE
	EndGlobalSection
	GlobalSection(ExtensibilityGlobals) = postSolution
		SolutionGuid = {0C6A37D0-ADB4-4782-8F0C-6F9D6E15FE8C}
	EndGlobalSection
EndGlobal
